
Microsoft Visual Studio Solution File, Format Version 12.00
# Visual Studio Version 16
VisualStudioVersion = 16.0.31729.503
MinimumVisualStudioVersion = 10.0.40219.1
Project("{FAE04EC0-301F-11D3-BF4B-00C04F79EFBC}") = "UserLogin", "UserLogin\UserLogin.csproj", "{A63D4D43-4009-40B5-A3E0-836E77255450}"
EndProject
Global
	GlobalSection(SolutionConfigurationPlatforms) = preSolution
		Debug|Any CPU = Debug|Any CPU
		Release|Any CPU = Release|Any CPU
	EndGlobalSection
	GlobalSection(ProjectConfigurationPlatforms) = postSolution
		{A63D4D43-4009-40B5-A3E0-836E77255450}.Debug|Any CPU.ActiveCfg = Debug|Any CPU
		{A63D4D43-4009-40B5-A3E0-836E77255450}.Debug|Any CPU.Build.0 = Debug|Any CPU
		{A63D4D43-4009-40B5-A3E0-836E77255450}.Release|Any CPU.ActiveCfg = Release|Any CPU
		{A63D4D43-4009-40B5-A3E0-836E77255450}.Release|Any CPU.Build.0 = Release|Any CPU
	EndGlobalSection
	GlobalSection(SolutionProperties) = preSolution
		HideSolutionNode = FALSE
	EndGlobalSection
	GlobalSection(ExtensibilityGlobals) = postSolution
		SolutionGuid = {59F44D90-893B-4D68-9D35-A4474B2D98B9}
	EndGlobalSection
EndGlobal
